// !$*UTF8*$!
{
	archiveVersion = 1;
	classes = {
	};
	objectVersion = 46;
	objects = {

/* Begin PBXBuildFile section */
		CE55F9651E581DDC00DE6969 /* AppDelegate.swift in Sources */ = {isa = PBXBuildFile; fileRef = CE55F9641E581DDC00DE6969 /* AppDelegate.swift */; };
		CE55F9671E581DDC00DE6969 /* ViewController.swift in Sources */ = {isa = PBXBuildFile; fileRef = CE55F9661E581DDC00DE6969 /* ViewController.swift */; };
		CE55F96A1E581DDC00DE6969 /* Main.storyboard in Resources */ = {isa = PBXBuildFile; fileRef = CE55F9681E581DDC00DE6969 /* Main.storyboard */; };
		CE55F96C1E581DDC00DE6969 /* Assets.xcassets in Resources */ = {isa = PBXBuildFile; fileRef = CE55F96B1E581DDC00DE6969 /* Assets.xcassets */; };
		CE55F96F1E581DDC00DE6969 /* LaunchScreen.storyboard in Resources */ = {isa = PBXBuildFile; fileRef = CE55F96D1E581DDC00DE6969 /* LaunchScreen.storyboard */; };
		CE55F97A1E581DDC00DE6969 /* To_doTests.swift in Sources */ = {isa = PBXBuildFile; fileRef = CE55F9791E581DDC00DE6969 /* To_doTests.swift */; };
		CE55F9851E581DDC00DE6969 /* To_doUITests.swift in Sources */ = {isa = PBXBuildFile; fileRef = CE55F9841E581DDC00DE6969 /* To_doUITests.swift */; };
/* End PBXBuildFile section */

/* Begin PBXContainerItemProxy section */
		CE55F9761E581DDC00DE6969 /* PBXContainerItemProxy */ = {
			isa = PBXContainerItemProxy;
			containerPortal = CE55F9591E581DDC00DE6969 /* Project object */;
			proxyType = 1;
			remoteGlobalIDString = CE55F9601E581DDC00DE6969;
			remoteInfo = "To do";
		};
		CE55F9811E581DDC00DE6969 /* PBXContainerItemProxy */ = {
			isa = PBXContainerItemProxy;
			containerPortal = CE55F9591E581DDC00DE6969 /* Project object */;
			proxyType = 1;
			remoteGlobalIDString = CE55F9601E581DDC00DE6969;
			remoteInfo = "To do";
		};
/* End PBXContainerItemProxy section */

/* Begin PBXFileReference section */
		CE55F9611E581DDC00DE6969 /* To do.app */ = {isa = PBXFileReference; explicitFileType = wrapper.application; includeInIndex = 0; path = "To do.app"; sourceTree = BUILT_PRODUCTS_DIR; };
		CE55F9641E581DDC00DE6969 /* AppDelegate.swift */ = {isa = PBXFileReference; lastKnownFileType = sourcecode.swift; path = AppDelegate.swift; sourceTree = "<group>"; };
		CE55F9661E581DDC00DE6969 /* ViewController.swift */ = {isa = PBXFileReference; lastKnownFileType = sourcecode.swift; path = ViewController.swift; sourceTree = "<group>"; };
		CE55F9691E581DDC00DE6969 /* Base */ = {isa = PBXFileReference; lastKnownFileType = file.storyboard; name = Base; path = Base.lproj/Main.storyboard; sourceTree = "<group>"; };
		CE55F96B1E581DDC00DE6969 /* Assets.xcassets */ = {isa = PBXFileReference; lastKnownFileType = folder.assetcatalog; path = Assets.xcassets; sourceTree = "<group>"; };
		CE55F96E1E581DDC00DE6969 /* Base */ = {isa = PBXFileReference; lastKnownFileType = file.storyboard; name = Base; path = Base.lproj/LaunchScreen.storyboard; sourceTree = "<group>"; };
		CE55F9701E581DDC00DE6969 /* Info.plist */ = {isa = PBXFileReference; lastKnownFileType = text.plist.xml; path = Info.plist; sourceTree = "<group>"; };
		CE55F9751E581DDC00DE6969 /* To doTests.xctest */ = {isa = PBXFileReference; explicitFileType = wrapper.cfbundle; includeInIndex = 0; path = "To doTests.xctest"; sourceTree = BUILT_PRODUCTS_DIR; };
		CE55F9791E581DDC00DE6969 /* To_doTests.swift */ = {isa = PBXFileReference; lastKnownFileType = sourcecode.swift; path = To_doTests.swift; sourceTree = "<group>"; };
		CE55F97B1E581DDC00DE6969 /* Info.plist */ = {isa = PBXFileReference; lastKnownFileType = text.plist.xml; path = Info.plist; sourceTree = "<group>"; };
		CE55F9801E581DDC00DE6969 /* To doUITests.xctest */ = {isa = PBXFileReference; explicitFileType = wrapper.cfbundle; includeInIndex = 0; path = "To doUITests.xctest"; sourceTree = BUILT_PRODUCTS_DIR; };
		CE55F9841E581DDC00DE6969 /* To_doUITests.swift */ = {isa = PBXFileReference; lastKnownFileType = sourcecode.swift; path = To_doUITests.swift; sourceTree = "<group>"; };
		CE55F9861E581DDC00DE6969 /* Info.plist */ = {isa = PBXFileReference; lastKnownFileType = text.plist.xml; path = Info.plist; sourceTree = "<group>"; };
/* End PBXFileReference section */

/* Begin PBXFrameworksBuildPhase section */
		CE55F95E1E581DDC00DE6969 /* Frameworks */ = {
			isa = PBXFrameworksBuildPhase;
			buildActionMask = 2147483647;
			files = (
			);
			runOnlyForDeploymentPostprocessing = 0;
		};
		CE55F9721E581DDC00DE6969 /* Frameworks */ = {
			isa = PBXFrameworksBuildPhase;
			buildActionMask = 2147483647;
			files = (
			);
			runOnlyForDeploymentPostprocessing = 0;
		};
		CE55F97D1E581DDC00DE6969 /* Frameworks */ = {
			isa = PBXFrameworksBuildPhase;
			buildActionMask = 2147483647;
			files = (
			);
			runOnlyForDeploymentPostprocessing = 0;
		};
/* End PBXFrameworksBuildPhase section */

/* Begin PBXGroup section */
		CE55F9581E581DDC00DE6969 = {
			isa = PBXGroup;
			children = (
				CE55F9631E581DDC00DE6969 /* To do */,
				CE55F9781E581DDC00DE6969 /* To doTests */,
				CE55F9831E581DDC00DE6969 /* To doUITests */,
				CE55F9621E581DDC00DE6969 /* Products */,
			);
			sourceTree = "<group>";
		};
		CE55F9621E581DDC00DE6969 /* Products */ = {
			isa = PBXGroup;
			children = (
				CE55F9611E581DDC00DE6969 /* To do.app */,
				CE55F9751E581DDC00DE6969 /* To doTests.xctest */,
				CE55F9801E581DDC00DE6969 /* To doUITests.xctest */,
			);
			name = Products;
			sourceTree = "<group>";
		};
		CE55F9631E581DDC00DE6969 /* To do */ = {
			isa = PBXGroup;
			children = (
				CE55F9641E581DDC00DE6969 /* AppDelegate.swift */,
				CE55F9661E581DDC00DE6969 /* ViewController.swift */,
				CE55F9681E581DDC00DE6969 /* Main.storyboard */,
				CE55F96B1E581DDC00DE6969 /* Assets.xcassets */,
				CE55F96D1E581DDC00DE6969 /* LaunchScreen.storyboard */,
				CE55F9701E581DDC00DE6969 /* Info.plist */,
			);
			path = "To do";
			sourceTree = "<group>";
		};
		CE55F9781E581DDC00DE6969 /* To doTests */ = {
			isa = PBXGroup;
			children = (
				CE55F9791E581DDC00DE6969 /* To_doTests.swift */,
				CE55F97B1E581DDC00DE6969 /* Info.plist */,
			);
			path = "To doTests";
			sourceTree = "<group>";
		};
		CE55F9831E581DDC00DE6969 /* To doUITests */ = {
			isa = PBXGroup;
			children = (
				CE55F9841E581DDC00DE6969 /* To_doUITests.swift */,
				CE55F9861E581DDC00DE6969 /* Info.plist */,
			);
			path = "To doUITests";
			sourceTree = "<group>";
		};
/* End PBXGroup section */

/* Begin PBXNativeTarget section */
		CE55F9601E581DDC00DE6969 /* To do */ = {
			isa = PBXNativeTarget;
			buildConfigurationList = CE55F9891E581DDC00DE6969 /* Build configuration list for PBXNativeTarget "To do" */;
			buildPhases = (
				CE55F95D1E581DDC00DE6969 /* Sources */,
				CE55F95E1E581DDC00DE6969 /* Frameworks */,
				CE55F95F1E581DDC00DE6969 /* Resources */,
			);
			buildRules = (
			);
			dependencies = (
			);
			name = "To do";
			productName = "To do";
			productReference = CE55F9611E581DDC00DE6969 /* To do.app */;
			productType = "com.apple.product-type.application";
		};
		CE55F9741E581DDC00DE6969 /* To doTests */ = {
			isa = PBXNativeTarget;
			buildConfigurationList = CE55F98C1E581DDC00DE6969 /* Build configuration list for PBXNativeTarget "To doTests" */;
			buildPhases = (
				CE55F9711E581DDC00DE6969 /* Sources */,
				CE55F9721E581DDC00DE6969 /* Frameworks */,
				CE55F9731E581DDC00DE6969 /* Resources */,
			);
			buildRules = (
			);
			dependencies = (
				CE55F9771E581DDC00DE6969 /* PBXTargetDependency */,
			);
			name = "To doTests";
			productName = "To doTests";
			productReference = CE55F9751E581DDC00DE6969 /* To doTests.xctest */;
			productType = "com.apple.product-type.bundle.unit-test";
		};
		CE55F97F1E581DDC00DE6969 /* To doUITests */ = {
			isa = PBXNativeTarget;
			buildConfigurationList = CE55F98F1E581DDC00DE6969 /* Build configuration list for PBXNativeTarget "To doUITests" */;
			buildPhases = (
				CE55F97C1E581DDC00DE6969 /* Sources */,
				CE55F97D1E581DDC00DE6969 /* Frameworks */,
				CE55F97E1E581DDC00DE6969 /* Resources */,
			);
			buildRules = (
			);
			dependencies = (
				CE55F9821E581DDC00DE6969 /* PBXTargetDependency */,
			);
			name = "To doUITests";
			productName = "To doUITests";
			productReference = CE55F9801E581DDC00DE6969 /* To doUITests.xctest */;
			productType = "com.apple.product-type.bundle.ui-testing";
		};
/* End PBXNativeTarget section */

/* Begin PBXProject section */
		CE55F9591E581DDC00DE6969 /* Project object */ = {
			isa = PBXProject;
			attributes = {
				LastSwiftUpdateCheck = 0820;
				LastUpgradeCheck = 0820;
				ORGANIZATIONNAME = "Takuma Jimbo";
				TargetAttributes = {
					CE55F9601E581DDC00DE6969 = {
						CreatedOnToolsVersion = 8.2.1;
						ProvisioningStyle = Automatic;
					};
					CE55F9741E581DDC00DE6969 = {
						CreatedOnToolsVersion = 8.2.1;
						ProvisioningStyle = Automatic;
						TestTargetID = CE55F9601E581DDC00DE6969;
					};
					CE55F97F1E581DDC00DE6969 = {
						CreatedOnToolsVersion = 8.2.1;
						ProvisioningStyle = Automatic;
						TestTargetID = CE55F9601E581DDC00DE6969;
					};
				};
			};
			buildConfigurationList = CE55F95C1E581DDC00DE6969 /* Build configuration list for PBXProject "To do" */;
			compatibilityVersion = "Xcode 3.2";
			developmentRegion = English;
			hasScannedForEncodings = 0;
			knownRegions = (
				en,
				Base,
			);
			mainGroup = CE55F9581E581DDC00DE6969;
			productRefGroup = CE55F9621E581DDC00DE6969 /* Products */;
			projectDirPath = "";
			projectRoot = "";
			targets = (
				CE55F9601E581DDC00DE6969 /* To do */,
				CE55F9741E581DDC00DE6969 /* To doTests */,
				CE55F97F1E581DDC00DE6969 /* To doUITests */,
			);
		};
/* End PBXProject section */

/* Begin PBXResourcesBuildPhase section */
		CE55F95F1E581DDC00DE6969 /* Resources */ = {
			isa = PBXResourcesBuildPhase;
			buildActionMask = 2147483647;
			files = (
				CE55F96F1E581DDC00DE6969 /* LaunchScreen.storyboard in Resources */,
				CE55F96C1E581DDC00DE6969 /* Assets.xcassets in Resources */,
				CE55F96A1E581DDC00DE6969 /* Main.storyboard in Resources */,
			);
			runOnlyForDeploymentPostprocessing = 0;
		};
		CE55F9731E581DDC00DE6969 /* Resources */ = {
			isa = PBXResourcesBuildPhase;
			buildActionMask = 2147483647;
			files = (
			);
			runOnlyForDeploymentPostprocessing = 0;
		};
		CE55F97E1E581DDC00DE6969 /* Resources */ = {
			isa = PBXResourcesBuildPhase;
			buildActionMask = 2147483647;
			files = (
			);
			runOnlyForDeploymentPostprocessing = 0;
		};
/* End PBXResourcesBuildPhase section */

/* Begin PBXSourcesBuildPhase section */
		CE55F95D1E581DDC00DE6969 /* Sources */ = {
			isa = PBXSourcesBuildPhase;
			buildActionMask = 2147483647;
			files = (
				CE55F9671E581DDC00DE6969 /* ViewController.swift in Sources */,
				CE55F9651E581DDC00DE6969 /* AppDelegate.swift in Sources */,
			);
			runOnlyForDeploymentPostprocessing = 0;
		};
		CE55F9711E581DDC00DE6969 /* Sources */ = {
			isa = PBXSourcesBuildPhase;
			buildActionMask = 2147483647;
			files = (
				CE55F97A1E581DDC00DE6969 /* To_doTests.swift in Sources */,
			);
			runOnlyForDeploymentPostprocessing = 0;
		};
		CE55F97C1E581DDC00DE6969 /* Sources */ = {
			isa = PBXSourcesBuildPhase;
			buildActionMask = 2147483647;
			files = (
				CE55F9851E581DDC00DE6969 /* To_doUITests.swift in Sources */,
			);
			runOnlyForDeploymentPostprocessing = 0;
		};
/* End PBXSourcesBuildPhase section */

/* Begin PBXTargetDependency section */
		CE55F9771E581DDC00DE6969 /* PBXTargetDependency */ = {
			isa = PBXTargetDependency;
			target = CE55F9601E581DDC00DE6969 /* To do */;
			targetProxy = CE55F9761E581DDC00DE6969 /* PBXContainerItemProxy */;
		};
		CE55F9821E581DDC00DE6969 /* PBXTargetDependency */ = {
			isa = PBXTargetDependency;
			target = CE55F9601E581DDC00DE6969 /* To do */;
			targetProxy = CE55F9811E581DDC00DE6969 /* PBXContainerItemProxy */;
		};
/* End PBXTargetDependency section */

/* Begin PBXVariantGroup section */
		CE55F9681E581DDC00DE6969 /* Main.storyboard */ = {
			isa = PBXVariantGroup;
			children = (
				CE55F9691E581DDC00DE6969 /* Base */,
			);
			name = Main.storyboard;
			sourceTree = "<group>";
		};
		CE55F96D1E581DDC00DE6969 /* LaunchScreen.storyboard */ = {
			isa = PBXVariantGroup;
			children = (
				CE55F96E1E581DDC00DE6969 /* Base */,
			);
			name = LaunchScreen.storyboard;
			sourceTree = "<group>";
		};
/* End PBXVariantGroup section */

/* Begin XCBuildConfiguration section */
		CE55F9871E581DDC00DE6969 /* Debug */ = {
			isa = XCBuildConfiguration;
			buildSettings = {
				ALWAYS_SEARCH_USER_PATHS = NO;
				CLANG_ANALYZER_NONNULL = YES;
				CLANG_CXX_LANGUAGE_STANDARD = "gnu++0x";
				CLANG_CXX_LIBRARY = "libc++";
				CLANG_ENABLE_MODULES = YES;
				CLANG_ENABLE_OBJC_ARC = YES;
				CLANG_WARN_BOOL_CONVERSION = YES;
				CLANG_WARN_CONSTANT_CONVERSION = YES;
				CLANG_WARN_DIRECT_OBJC_ISA_USAGE = YES_ERROR;
				CLANG_WARN_DOCUMENTATION_COMMENTS = YES;
				CLANG_WARN_EMPTY_BODY = YES;
				CLANG_WARN_ENUM_CONVERSION = YES;
				CLANG_WARN_INFINITE_RECURSION = YES;
				CLANG_WARN_INT_CONVERSION = YES;
				CLANG_WARN_OBJC_ROOT_CLASS = YES_ERROR;
				CLANG_WARN_SUSPICIOUS_MOVE = YES;
				CLANG_WARN_UNREACHABLE_CODE = YES;
				CLANG_WARN__DUPLICATE_METHOD_MATCH = YES;
				"CODE_SIGN_IDENTITY[sdk=iphoneos*]" = "iPhone Developer";
				COPY_PHASE_STRIP = NO;
				DEBUG_INFORMATION_FORMAT = dwarf;
				ENABLE_STRICT_OBJC_MSGSEND = YES;
				ENABLE_TESTABILITY = YES;
				GCC_C_LANGUAGE_STANDARD = gnu99;
				GCC_DYNAMIC_NO_PIC = NO;
				GCC_NO_COMMON_BLOCKS = YES;
				GCC_OPTIMIZATION_LEVEL = 0;
				GCC_PREPROCESSOR_DEFINITIONS = (
					"DEBUG=1",
					"$(inherited)",
				);
				GCC_WARN_64_TO_32_BIT_CONVERSION = YES;
				GCC_WARN_ABOUT_RETURN_TYPE = YES_ERROR;
				GCC_WARN_UNDECLARED_SELECTOR = YES;
				GCC_WARN_UNINITIALIZED_AUTOS = YES_AGGRESSIVE;
				GCC_WARN_UNUSED_FUNCTION = YES;
				GCC_WARN_UNUSED_VARIABLE = YES;
				IPHONEOS_DEPLOYMENT_TARGET = 10.2;
				MTL_ENABLE_DEBUG_INFO = YES;
				ONLY_ACTIVE_ARCH = YES;
				SDKROOT = iphoneos;
				SWIFT_ACTIVE_COMPILATION_CONDITIONS = DEBUG;
				SWIFT_OPTIMIZATION_LEVEL = "-Onone";
			};
			name = Debug;
		};
		CE55F9881E581DDC00DE6969 /* Release */ = {
			isa = XCBuildConfiguration;
			buildSettings = {
				ALWAYS_SEARCH_USER_PATHS = NO;
				CLANG_ANALYZER_NONNULL = YES;
				CLANG_CXX_LANGUAGE_STANDARD = "gnu++0x";
				CLANG_CXX_LIBRARY = "libc++";
				CLANG_ENABLE_MODULES = YES;
				CLANG_ENABLE_OBJC_ARC = YES;
				CLANG_WARN_BOOL_CONVERSION = YES;
				CLANG_WARN_CONSTANT_CONVERSION = YES;
				CLANG_WARN_DIRECT_OBJC_ISA_USAGE = YES_ERROR;
				CLANG_WARN_DOCUMENTATION_COMMENTS = YES;
				CLANG_WARN_EMPTY_BODY = YES;
				CLANG_WARN_ENUM_CONVERSION = YES;
				CLANG_WARN_INFINITE_RECURSION = YES;
				CLANG_WARN_INT_CONVERSION = YES;
				CLANG_WARN_OBJC_ROOT_CLASS = YES_ERROR;
				CLANG_WARN_SUSPICIOUS_MOVE = YES;
				CLANG_WARN_UNREACHABLE_CODE = YES;
				CLANG_WARN__DUPLICATE_METHOD_MATCH = YES;
				"CODE_SIGN_IDENTITY[sdk=iphoneos*]" = "iPhone Developer";
				COPY_PHASE_STRIP = NO;
				DEBUG_INFORMATION_FORMAT = "dwarf-with-dsym";
				ENABLE_NS_ASSERTIONS = NO;
				ENABLE_STRICT_OBJC_MSGSEND = YES;
				GCC_C_LANGUAGE_STANDARD = gnu99;
				GCC_NO_COMMON_BLOCKS = YES;
				GCC_WARN_64_TO_32_BIT_CONVERSION = YES;
				GCC_WARN_ABOUT_RETURN_TYPE = YES_ERROR;
				GCC_WARN_UNDECLARED_SELECTOR = YES;
				GCC_WARN_UNINITIALIZED_AUTOS = YES_AGGRESSIVE;
				GCC_WARN_UNUSED_FUNCTION = YES;
				GCC_WARN_UNUSED_VARIABLE = YES;
				IPHONEOS_DEPLOYMENT_TARGET = 10.2;
				MTL_ENABLE_DEBUG_INFO = NO;
				SDKROOT = iphoneos;
				SWIFT_OPTIMIZATION_LEVEL = "-Owholemodule";
				VALIDATE_PRODUCT = YES;
			};
			name = Release;
		};
		CE55F98A1E581DDC00DE6969 /* Debug */ = {
			isa = XCBuildConfiguration;
			buildSettings = {
				ASSETCATALOG_COMPILER_APPICON_NAME = AppIcon;
				INFOPLIST_FILE = "To do/Info.plist";
				LD_RUNPATH_SEARCH_PATHS = "$(inherited) @executable_path/Frameworks";
				PRODUCT_BUNDLE_IDENTIFIER = "com.litech.To-do";
				PRODUCT_NAME = "$(TARGET_NAME)";
				SWIFT_VERSION = 3.0;
			};
			name = Debug;
		};
		CE55F98B1E581DDC00DE6969 /* Release */ = {
			isa = XCBuildConfiguration;
			buildSettings = {
				ASSETCATALOG_COMPILER_APPICON_NAME = AppIcon;
				INFOPLIST_FILE = "To do/Info.plist";
				LD_RUNPATH_SEARCH_PATHS = "$(inherited) @executable_path/Frameworks";
				PRODUCT_BUNDLE_IDENTIFIER = "com.litech.To-do";
				PRODUCT_NAME = "$(TARGET_NAME)";
				SWIFT_VERSION = 3.0;
			};
			name = Release;
		};
		CE55F98D1E581DDC00DE6969 /* Debug */ = {
			isa = XCBuildConfiguration;
			buildSettings = {
				ALWAYS_EMBED_SWIFT_STANDARD_LIBRARIES = YES;
				BUNDLE_LOADER = "$(TEST_HOST)";
				INFOPLIST_FILE = "To doTests/Info.plist";
				LD_RUNPATH_SEARCH_PATHS = "$(inherited) @executable_path/Frameworks @loader_path/Frameworks";
				PRODUCT_BUNDLE_IDENTIFIER = "com.litech.To-doTests";
				PRODUCT_NAME = "$(TARGET_NAME)";
				SWIFT_VERSION = 3.0;
				TEST_HOST = "$(BUILT_PRODUCTS_DIR)/To do.app/To do";
			};
			name = Debug;
		};
		CE55F98E1E581DDC00DE6969 /* Release */ = {
			isa = XCBuildConfiguration;
			buildSettings = {
				ALWAYS_EMBED_SWIFT_STANDARD_LIBRARIES = YES;
				BUNDLE_LOADER = "$(TEST_HOST)";
				INFOPLIST_FILE = "To doTests/Info.plist";
				LD_RUNPATH_SEARCH_PATHS = "$(inherited) @executable_path/Frameworks @loader_path/Frameworks";
				PRODUCT_BUNDLE_IDENTIFIER = "com.litech.To-doTests";
				PRODUCT_NAME = "$(TARGET_NAME)";
				SWIFT_VERSION = 3.0;
				TEST_HOST = "$(BUILT_PRODUCTS_DIR)/To do.app/To do";
			};
			name = Release;
		};
		CE55F9901E581DDC00DE6969 /* Debug */ = {
			isa = XCBuildConfiguration;
			buildSettings = {
				ALWAYS_EMBED_SWIFT_STANDARD_LIBRARIES = YES;
				INFOPLIST_FILE = "To doUITests/Info.plist";
				LD_RUNPATH_SEARCH_PATHS = "$(inherited) @executable_path/Frameworks @loader_path/Frameworks";
				PRODUCT_BUNDLE_IDENTIFIER = "com.litech.To-doUITests";
				PRODUCT_NAME = "$(TARGET_NAME)";
				SWIFT_VERSION = 3.0;
				TEST_TARGET_NAME = "To do";
			};
			name = Debug;
		};
		CE55F9911E581DDC00DE6969 /* Release */ = {
			isa = XCBuildConfiguration;
			buildSettings = {
				ALWAYS_EMBED_SWIFT_STANDARD_LIBRARIES = YES;
				INFOPLIST_FILE = "To doUITests/Info.plist";
				LD_RUNPATH_SEARCH_PATHS = "$(inherited) @executable_path/Frameworks @loader_path/Frameworks";
				PRODUCT_BUNDLE_IDENTIFIER = "com.litech.To-doUITests";
				PRODUCT_NAME = "$(TARGET_NAME)";
				SWIFT_VERSION = 3.0;
				TEST_TARGET_NAME = "To do";
			};
			name = Release;
		};
/* End XCBuildConfiguration section */

/* Begin XCConfigurationList section */
		CE55F95C1E581DDC00DE6969 /* Build configuration list for PBXProject "To do" */ = {
			isa = XCConfigurationList;
			buildConfigurations = (
				CE55F9871E581DDC00DE6969 /* Debug */,
				CE55F9881E581DDC00DE6969 /* Release */,
			);
			defaultConfigurationIsVisible = 0;
			defaultConfigurationName = Release;
		};
		CE55F9891E581DDC00DE6969 /* Build configuration list for PBXNativeTarget "To do" */ = {
			isa = XCConfigurationList;
			buildConfigurations = (
				CE55F98A1E581DDC00DE6969 /* Debug */,
				CE55F98B1E581DDC00DE6969 /* Release */,
			);
			defaultConfigurationIsVisible = 0;
		};
		CE55F98C1E581DDC00DE6969 /* Build configuration list for PBXNativeTarget "To doTests" */ = {
			isa = XCConfigurationList;
			buildConfigurations = (
				CE55F98D1E581DDC00DE6969 /* Debug */,
				CE55F98E1E581DDC00DE6969 /* Release */,
			);
			defaultConfigurationIsVisible = 0;
		};
		CE55F98F1E581DDC00DE6969 /* Build configuration list for PBXNativeTarget "To doUITests" */ = {
			isa = XCConfigurationList;
			buildConfigurations = (
				CE55F9901E581DDC00DE6969 /* Debug */,
				CE55F9911E581DDC00DE6969 /* Release */,
			);
			defaultConfigurationIsVisible = 0;
		};
/* End XCConfigurationList section */
	};
	rootObject = CE55F9591E581DDC00DE6969 /* Project object */;
}
